<?xml version="1.0" encoding="utf-8"?>
<Project ToolsVersion="4.0" xmlns="http://schemas.microsoft.com/developer/msbuild/2003">
  <ItemGroup>
    <Filter Include="Source Files">
      <UniqueIdentifier>{4FC737F1-C7A5-4376-A066-2A32D752A2FF}</UniqueIdentifier>
      <Extensions>cpp;c;cc;cxx;c++;cppm;ixx;def;odl;idl;hpj;bat;asm;asmx</Extensions>
    </Filter>
    <Filter Include="Header Files">
      <UniqueIdentifier>{93995380-89BD-4b04-88EB-625FBE52EBFB}</UniqueIdentifier>
      <Extensions>h;hh;hpp;hxx;h++;hm;inl;inc;ipp;xsd</Extensions>
    </Filter>
    <Filter Include="Resource Files">
      <UniqueIdentifier>{67DA6AB6-F800-4c08-8B7A-83BB121AAD01}</UniqueIdentifier>
      <Extensions>rc;ico;cur;bmp;dlg;rc2;rct;bin;rgs;gif;jpg;jpeg;jpe;resx;tiff;tif;png;wav;mfcribbon-ms</Extensions>
    </Filter>
    <Filter Include="Resource Files\Practice02">
      <UniqueIdentifier>{512f25a1-0ea3-46d1-bdc9-70bf4a4e8f23}</UniqueIdentifier>
    </Filter>
    <Filter Include="Resource Files\Practice01">
      <UniqueIdentifier>{275316d5-7849-4c78-8a21-c9c32148bdd3}</UniqueIdentifier>
    </Filter>
    <Filter Include="Resource Files\Practice_TextBook">
      <UniqueIdentifier>{c0641730-9e08-4230-8aa4-2b69828d4b6d}</UniqueIdentifier>
    </Filter>
    <Filter Include="Resource Files\Practice03">
      <UniqueIdentifier>{72b021f1-c2ba-4654-b57b-05b299aaa09b}</UniqueIdentifier>
    </Filter>
    <Filter Include="Resource Files\TextBook">
      <UniqueIdentifier>{f1cfcaab-4abf-49a4-b952-24609b9cb90c}</UniqueIdentifier>
    </Filter>
    <Filter Include="Resource Files\TextBook\Ch01">
      <UniqueIdentifier>{8755117e-71f9-4ca3-9337-e0a88042a413}</UniqueIdentifier>
    </Filter>
    <Filter Include="Resource Files\TextBook\Ch02">
      <UniqueIdentifier>{ec40c24e-2f7f-4795-852a-569321acb09e}</UniqueIdentifier>
    </Filter>
    <Filter Include="Resource Files\Practice04">
      <UniqueIdentifier>{2b247bb3-84ab-4189-b0f1-7735751b40c4}</UniqueIdentifier>
    </Filter>
  </ItemGroup>
  <ItemGroup>
    <ClCompile Include="Practice01\1.1_SelectSort.c">
      <Filter>Resource Files\Practice01</Filter>
    </ClCompile>
    <ClCompile Include="Practice01\1.2_ReversedSelectSort.c">
      <Filter>Resource Files\Practice01</Filter>
    </ClCompile>
    <ClCompile Include="Practice01\1.3_BinarySearch.c">
      <Filter>Resource Files\Practice01</Filter>
    </ClCompile>
    <ClCompile Include="Practice01\1.4_ReversedBinarySearch.c">
      <Filter>Resource Files\Practice01</Filter>
    </ClCompile>
    <ClCompile Include="Practice02\2.1_Permutation.c">
      <Filter>Resource Files\Practice02</Filter>
    </ClCompile>
    <ClCompile Include="Practice02\2.2_NumberPermutation.c">
      <Filter>Resource Files\Practice02</Filter>
    </ClCompile>
    <ClCompile Include="Practice02\2.3_NumberPermutationWithTimer.c">
      <Filter>Resource Files\Practice02</Filter>
    </ClCompile>
    <ClCompile Include="Practice_TextBook\1.3_3.c">
      <Filter>Resource Files\Practice_TextBook</Filter>
    </ClCompile>
    <ClCompile Include="Practice03\3.1_Struct.c">
      <Filter>Resource Files\Practice03</Filter>
    </ClCompile>
    <ClCompile Include="Practice03\3.2_Add.c">
      <Filter>Resource Files\Practice03</Filter>
    </ClCompile>
    <ClCompile Include="Practice03\3.3_Mul.c">
      <Filter>Resource Files\Practice03</Filter>
    </ClCompile>
    <ClCompile Include="Practice03\3_StructAddMul.c">
      <Filter>Resource Files\Practice03</Filter>
    </ClCompile>
    <ClCompile Include="TextBook\Ch01\1_SelectionSorting.c">
      <Filter>Resource Files\TextBook\Ch01</Filter>
    </ClCompile>
    <ClCompile Include="TextBook\Ch01\2_BinarySearch.c">
      <Filter>Resource Files\TextBook\Ch01</Filter>
    </ClCompile>
    <ClCompile Include="TextBook\Ch01\3_BinarySearchRecursive.c">
      <Filter>Resource Files\TextBook\Ch01</Filter>
    </ClCompile>
    <ClCompile Include="TextBook\Ch01\4_Permutations.c">
      <Filter>Resource Files\TextBook\Ch01</Filter>
    </ClCompile>
    <ClCompile Include="TextBook\Ch02\1_Padd.c">
      <Filter>Resource Files\TextBook\Ch02</Filter>
    </ClCompile>
    <ClCompile Include="TextBook\Ch02\2_SparseMatrix.c">
      <Filter>Resource Files\TextBook\Ch02</Filter>
    </ClCompile>
    <ClCompile Include="TextBook\Ch02\3_FastTranspose.c">
      <Filter>Resource Files\TextBook\Ch02</Filter>
    </ClCompile>
    <ClCompile Include="TextBook\Ch02\4_EnhancedFastTranspose.c">
      <Filter>Resource Files\TextBook\Ch02</Filter>
    </ClCompile>
    <ClCompile Include="Practice04\1_Stack.c">
      <Filter>Resource Files\Practice04</Filter>
    </ClCompile>
    <ClCompile Include="Practice04\3_CircleQueue.c">
      <Filter>Resource Files\Practice04</Filter>
    </ClCompile>
    <ClCompile Include="Practice04\2_Queue.c">
      <Filter>Resource Files\Practice04</Filter>
    </ClCompile>
  </ItemGroup>
</Project>